
Microsoft Visual Studio Solution File, Format Version 12.00
# Visual Studio Version 16
VisualStudioVersion = 16.0.34729.46
MinimumVisualStudioVersion = 10.0.40219.1
Project("{FAE04EC0-301F-11D3-BF4B-00C04F79EFBC}") = "AddInsMate_01", "AddInsMate_01.csproj", "{ABF85F93-696A-4412-A3E6-6F3DFEB2B5FE}"
EndProject
Global
	GlobalSection(SolutionConfigurationPlatforms) = preSolution
		Debug|Any CPU = Debug|Any CPU
		Release|Any CPU = Release|Any CPU
	EndGlobalSection
	GlobalSection(ProjectConfigurationPlatforms) = postSolution
		{ABF85F93-696A-4412-A3E6-6F3DFEB2B5FE}.Debug|Any CPU.ActiveCfg = Debug|Any CPU
		{ABF85F93-696A-4412-A3E6-6F3DFEB2B5FE}.Debug|Any CPU.Build.0 = Debug|Any CPU
		{ABF85F93-696A-4412-A3E6-6F3DFEB2B5FE}.Release|Any CPU.ActiveCfg = Release|Any CPU
		{ABF85F93-696A-4412-A3E6-6F3DFEB2B5FE}.Release|Any CPU.Build.0 = Release|Any CPU
	EndGlobalSection
	GlobalSection(SolutionProperties) = preSolution
		HideSolutionNode = FALSE
	EndGlobalSection
	GlobalSection(ExtensibilityGlobals) = postSolution
		SolutionGuid = {9A9E0B53-7B4C-4E40-83E6-7B6D65FE849F}
	EndGlobalSection
EndGlobal
